{
  "object": {
    "pins": [
      {
        "package": "openssl-apple",
        "repositoryURL": "https://github.com/passepartoutvpn/openssl-apple",
        "state": {
          "branch": null,
          "revision": "685680e3adbfccdeef84d37fc5732b0031f188c7",
          "version": "3.2.108"
        }
      },
      {
        "package": "SwiftyBeaver",
        "repositoryURL": "https://github.com/SwiftyBeaver/SwiftyBeaver",
        "state": {
          "branch": null,
          "revision": "12b5acf96d98f91d50de447369bd18df74600f1a",
          "version": "1.9.6"
        }
      },
      {
        "package": "TunnelKit",
        "repositoryURL": "https://github.com/BrainCraftGIT/tunnelkit.git",
        "state": {
          "branch": "expose-tunnelkitmanager",
          "revision": "516c87cd641c86f9236bd52999e2a9209f3a36ac",
          "version": null
        }
      },
      {
        "package": "WireGuardKit",
        "repositoryURL": "https://github.com/IkramulMurad-BCL/wireguard-apple.git",
        "state": {
          "branch": "apply-xcode-16-build-fix",
          "revision": "d55e408b089ed2add2b617f9389a3ed3c7764a99",
          "version": null
        }
      }
    ]
  },
  "version": 1
}
